
Microsoft Visual Studio Solution File, Format Version 12.00
# Visual Studio 15
VisualStudioVersion = 15.0.27703.2026
MinimumVisualStudioVersion = 10.0.40219.1
Project("{9A19103F-16F7-4668-BE54-9A1E7A4F7556}") = "阴阳易演", "阴阳易演\阴阳易演.csproj", "{D0BC52B3-1595-4A81-9877-59DD29D2F427}"
EndProject
Project("{2150E333-8FDC-42A3-9474-1A3956D46DE8}") = "1.模型", "1.模型", "{E43A770E-EE4F-41C9-87B1-D003B1C58790}"
EndProject
Project("{2150E333-8FDC-42A3-9474-1A3956D46DE8}") = "2.解析", "2.解析", "{ED31620A-6119-4DC8-A47A-DC9786B1B576}"
EndProject
Project("{2150E333-8FDC-42A3-9474-1A3956D46DE8}") = "3.测试", "3.测试", "{C8CFA887-7C78-4F74-8AEF-990E32681117}"
EndProject
Project("{FAE04EC0-301F-11D3-BF4B-00C04F79EFBC}") = "阴阳易演.测试", "阴阳易演.测试\阴阳易演.测试.csproj", "{53DA4D76-2C15-4371-9FF0-1625D0FE8000}"
EndProject
Project("{FAE04EC0-301F-11D3-BF4B-00C04F79EFBC}") = "阴阳释义.测试", "阴阳释义.测试\阴阳释义.测试.csproj", "{B800F9DF-FA17-4BD7-A732-04D772689C66}"
EndProject
Project("{9A19103F-16F7-4668-BE54-9A1E7A4F7556}") = "阴阳释义", "阴阳释义\阴阳释义.csproj", "{706BDEF3-837B-450C-8854-DDE3BE57396E}"
EndProject
Global
	GlobalSection(SolutionConfigurationPlatforms) = preSolution
		Debug|Any CPU = Debug|Any CPU
		Release|Any CPU = Release|Any CPU
	EndGlobalSection
	GlobalSection(ProjectConfigurationPlatforms) = postSolution
		{D0BC52B3-1595-4A81-9877-59DD29D2F427}.Debug|Any CPU.ActiveCfg = Debug|Any CPU
		{D0BC52B3-1595-4A81-9877-59DD29D2F427}.Debug|Any CPU.Build.0 = Debug|Any CPU
		{D0BC52B3-1595-4A81-9877-59DD29D2F427}.Release|Any CPU.ActiveCfg = Release|Any CPU
		{D0BC52B3-1595-4A81-9877-59DD29D2F427}.Release|Any CPU.Build.0 = Release|Any CPU
		{53DA4D76-2C15-4371-9FF0-1625D0FE8000}.Debug|Any CPU.ActiveCfg = Debug|Any CPU
		{53DA4D76-2C15-4371-9FF0-1625D0FE8000}.Debug|Any CPU.Build.0 = Debug|Any CPU
		{53DA4D76-2C15-4371-9FF0-1625D0FE8000}.Release|Any CPU.ActiveCfg = Release|Any CPU
		{53DA4D76-2C15-4371-9FF0-1625D0FE8000}.Release|Any CPU.Build.0 = Release|Any CPU
		{B800F9DF-FA17-4BD7-A732-04D772689C66}.Debug|Any CPU.ActiveCfg = Debug|Any CPU
		{B800F9DF-FA17-4BD7-A732-04D772689C66}.Debug|Any CPU.Build.0 = Debug|Any CPU
		{B800F9DF-FA17-4BD7-A732-04D772689C66}.Release|Any CPU.ActiveCfg = Release|Any CPU
		{B800F9DF-FA17-4BD7-A732-04D772689C66}.Release|Any CPU.Build.0 = Release|Any CPU
		{706BDEF3-837B-450C-8854-DDE3BE57396E}.Debug|Any CPU.ActiveCfg = Debug|Any CPU
		{706BDEF3-837B-450C-8854-DDE3BE57396E}.Debug|Any CPU.Build.0 = Debug|Any CPU
		{706BDEF3-837B-450C-8854-DDE3BE57396E}.Release|Any CPU.ActiveCfg = Release|Any CPU
		{706BDEF3-837B-450C-8854-DDE3BE57396E}.Release|Any CPU.Build.0 = Release|Any CPU
	EndGlobalSection
	GlobalSection(SolutionProperties) = preSolution
		HideSolutionNode = FALSE
	EndGlobalSection
	GlobalSection(NestedProjects) = preSolution
		{D0BC52B3-1595-4A81-9877-59DD29D2F427} = {E43A770E-EE4F-41C9-87B1-D003B1C58790}
		{53DA4D76-2C15-4371-9FF0-1625D0FE8000} = {C8CFA887-7C78-4F74-8AEF-990E32681117}
		{B800F9DF-FA17-4BD7-A732-04D772689C66} = {C8CFA887-7C78-4F74-8AEF-990E32681117}
		{706BDEF3-837B-450C-8854-DDE3BE57396E} = {ED31620A-6119-4DC8-A47A-DC9786B1B576}
	EndGlobalSection
	GlobalSection(ExtensibilityGlobals) = postSolution
		SolutionGuid = {43E651DC-48E1-43C6-BCF7-E84CDB6BACE8}
	EndGlobalSection
EndGlobal
