
Microsoft Visual Studio Solution File, Format Version 12.00
# Visual Studio 15
VisualStudioVersion = 15.0.27703.2026
MinimumVisualStudioVersion = 10.0.40219.1
Project("{FAE04EC0-301F-11D3-BF4B-00C04F79EFBC}") = "阴阳易演", "阴阳易演\阴阳易演.csproj", "{A48F0882-A12E-4611-B72F-8759EC7FDF5D}"
EndProject
Project("{2150E333-8FDC-42A3-9474-1A3956D46DE8}") = "模型", "模型", "{1183D38D-5B10-4E40-99C4-89254B6CB4E3}"
EndProject
Project("{FAE04EC0-301F-11D3-BF4B-00C04F79EFBC}") = "YinYangYiYan.Test", "YinYangYiYan.Test\YinYangYiYan.Test.csproj", "{C4DDA94C-2326-479F-8571-32632DE86D08}"
EndProject
Global
	GlobalSection(SolutionConfigurationPlatforms) = preSolution
		Debug|Any CPU = Debug|Any CPU
		Release|Any CPU = Release|Any CPU
	EndGlobalSection
	GlobalSection(ProjectConfigurationPlatforms) = postSolution
		{A48F0882-A12E-4611-B72F-8759EC7FDF5D}.Debug|Any CPU.ActiveCfg = Debug|Any CPU
		{A48F0882-A12E-4611-B72F-8759EC7FDF5D}.Debug|Any CPU.Build.0 = Debug|Any CPU
		{A48F0882-A12E-4611-B72F-8759EC7FDF5D}.Release|Any CPU.ActiveCfg = Release|Any CPU
		{A48F0882-A12E-4611-B72F-8759EC7FDF5D}.Release|Any CPU.Build.0 = Release|Any CPU
		{C4DDA94C-2326-479F-8571-32632DE86D08}.Debug|Any CPU.ActiveCfg = Debug|Any CPU
		{C4DDA94C-2326-479F-8571-32632DE86D08}.Debug|Any CPU.Build.0 = Debug|Any CPU
		{C4DDA94C-2326-479F-8571-32632DE86D08}.Release|Any CPU.ActiveCfg = Release|Any CPU
		{C4DDA94C-2326-479F-8571-32632DE86D08}.Release|Any CPU.Build.0 = Release|Any CPU
	EndGlobalSection
	GlobalSection(SolutionProperties) = preSolution
		HideSolutionNode = FALSE
	EndGlobalSection
	GlobalSection(NestedProjects) = preSolution
		{A48F0882-A12E-4611-B72F-8759EC7FDF5D} = {1183D38D-5B10-4E40-99C4-89254B6CB4E3}
	EndGlobalSection
	GlobalSection(ExtensibilityGlobals) = postSolution
		SolutionGuid = {43E651DC-48E1-43C6-BCF7-E84CDB6BACE8}
	EndGlobalSection
EndGlobal
